
Microsoft Visual Studio Solution File, Format Version 12.00
# Visual Studio Version 17
VisualStudioVersion = 17.8.34316.72
MinimumVisualStudioVersion = 10.0.40219.1
Project("{9A19103F-16F7-4668-BE54-9A1E7A4F7556}") = "UMonitorWebAPI", "UMonitorWebAPI\UMonitorWebAPI.csproj", "{0615627A-3796-4DFD-A188-9AE2D52ED1B1}"
EndProject
Global
	GlobalSection(SolutionConfigurationPlatforms) = preSolution
		Debug|Any CPU = Debug|Any CPU
		Release|Any CPU = Release|Any CPU
	EndGlobalSection
	GlobalSection(ProjectConfigurationPlatforms) = postSolution
		{0615627A-3796-4DFD-A188-9AE2D52ED1B1}.Debug|Any CPU.ActiveCfg = Debug|Any CPU
		{0615627A-3796-4DFD-A188-9AE2D52ED1B1}.Debug|Any CPU.Build.0 = Debug|Any CPU
		{0615627A-3796-4DFD-A188-9AE2D52ED1B1}.Release|Any CPU.ActiveCfg = Release|Any CPU
		{0615627A-3796-4DFD-A188-9AE2D52ED1B1}.Release|Any CPU.Build.0 = Release|Any CPU
	EndGlobalSection
	GlobalSection(SolutionProperties) = preSolution
		HideSolutionNode = FALSE
	EndGlobalSection
	GlobalSection(ExtensibilityGlobals) = postSolution
		SolutionGuid = {C752A76E-4911-4105-A2ED-2E7310065DB6}
	EndGlobalSection
EndGlobal
